
Microsoft Visual Studio Solution File, Format Version 12.00
# Visual Studio Version 17
VisualStudioVersion = 17.4.33205.214
MinimumVisualStudioVersion = 10.0.40219.1
Project("{FAE04EC0-301F-11D3-BF4B-00C04F79EFBC}") = "ApiVersioControl", "ApiVersioControl\ApiVersioControl.csproj", "{71036414-6EE1-446E-93DF-992EAAE89E97}"
EndProject
Global
	GlobalSection(SolutionConfigurationPlatforms) = preSolution
		Debug|Any CPU = Debug|Any CPU
		Release|Any CPU = Release|Any CPU
	EndGlobalSection
	GlobalSection(ProjectConfigurationPlatforms) = postSolution
		{71036414-6EE1-446E-93DF-992EAAE89E97}.Debug|Any CPU.ActiveCfg = Debug|Any CPU
		{71036414-6EE1-446E-93DF-992EAAE89E97}.Debug|Any CPU.Build.0 = Debug|Any CPU
		{71036414-6EE1-446E-93DF-992EAAE89E97}.Release|Any CPU.ActiveCfg = Release|Any CPU
		{71036414-6EE1-446E-93DF-992EAAE89E97}.Release|Any CPU.Build.0 = Release|Any CPU
	EndGlobalSection
	GlobalSection(SolutionProperties) = preSolution
		HideSolutionNode = FALSE
	EndGlobalSection
	GlobalSection(ExtensibilityGlobals) = postSolution
		SolutionGuid = {D0B04E56-6701-4BEC-B03F-8AB2405A9004}
	EndGlobalSection
EndGlobal
